
Microsoft Visual Studio Solution File, Format Version 12.00
# Visual Studio 15
VisualStudioVersion = 15.0.28307.1022
MinimumVisualStudioVersion = 10.0.40219.1
Project("{FAE04EC0-301F-11D3-BF4B-00C04F79EFBC}") = "UserInterfaceGenerator", "UserInterfaceGenerator\UserInterfaceGenerator.csproj", "{060009FD-E0FA-4095-9A11-C04A4EB8937C}"
EndProject
Global
	GlobalSection(SolutionConfigurationPlatforms) = preSolution
		Debug|Any CPU = Debug|Any CPU
		Release|Any CPU = Release|Any CPU
	EndGlobalSection
	GlobalSection(ProjectConfigurationPlatforms) = postSolution
		{060009FD-E0FA-4095-9A11-C04A4EB8937C}.Debug|Any CPU.ActiveCfg = Debug|Any CPU
		{060009FD-E0FA-4095-9A11-C04A4EB8937C}.Debug|Any CPU.Build.0 = Debug|Any CPU
		{060009FD-E0FA-4095-9A11-C04A4EB8937C}.Release|Any CPU.ActiveCfg = Release|Any CPU
		{060009FD-E0FA-4095-9A11-C04A4EB8937C}.Release|Any CPU.Build.0 = Release|Any CPU
	EndGlobalSection
	GlobalSection(SolutionProperties) = preSolution
		HideSolutionNode = FALSE
	EndGlobalSection
	GlobalSection(ExtensibilityGlobals) = postSolution
		SolutionGuid = {BA9B80A0-7127-4F3E-AC41-7F88E3D0C209}
	EndGlobalSection
EndGlobal
